{
  "name": "6003CEM_Coursework_2_frontstage",
  "lockfileVersion": 3,
  "requires": true,
  "packages": {
    "": {
      "dependencies": {
        "react-image-gallery": "^1.4.0"
      },
      "devDependencies": {
        "@types/react-image-gallery": "^1.2.4"
      }
    },
    "node_modules/@types/react": {
      "version": "19.1.7",
      "resolved": "https://registry.npmjs.org/@types/react/-/react-19.1.7.tgz",
      "integrity": "sha512-BnsPLV43ddr05N71gaGzyZ5hzkCmGwhMvYc8zmvI8Ci1bRkkDSzDDVfAXfN2tk748OwI7ediiPX6PfT9p0QGVg==",
      "dev": true,
      "dependencies": {
        "csstype": "^3.0.2"
      }
    },
    "node_modules/@types/react-image-gallery": {
      "version": "1.2.4",
      "resolved": "https://registry.npmjs.org/@types/react-image-gallery/-/react-image-gallery-1.2.4.tgz",
      "integrity": "sha512-H0xpmT5rlSH0qiTvcUDCPDLRBi3J3Xa4COqaDqGb7ffLFpQoPAxpZdNuKCuThhFI0xJmNnMubZiD6B3kCBHtcw==",
      "dev": true,
      "dependencies": {
        "@types/react": "*"
      }
    },
    "node_modules/csstype": {
      "version": "3.1.3",
      "resolved": "https://registry.npmjs.org/csstype/-/csstype-3.1.3.tgz",
      "integrity": "sha512-M1uQkMl8rQK/szD0LNhtqxIPLpimGm8sOBwU7lLnCpSbTyY3yeU1Vc7l4KT5zT4s/yOxHH5O7tIuuLOCnLADRw==",
      "dev": true
    },
    "node_modules/react": {
      "version": "19.1.0",
      "resolved": "https://registry.npmjs.org/react/-/react-19.1.0.tgz",
      "integrity": "sha512-FS+XFBNvn3GTAWq26joslQgWNoFu08F4kl0J4CgdNKADkdSGXQyTCnKteIAJy96Br6YbpEU1LSzV5dYtjMkMDg==",
      "peer": true,
      "engines": {
        "node": ">=0.10.0"
      }
    },
    "node_modules/react-image-gallery": {
      "version": "1.4.0",
      "resolved": "https://registry.npmjs.org/react-image-gallery/-/react-image-gallery-1.4.0.tgz",
      "integrity": "sha512-m7xLq7+g6/xh+BhVMAxvRU0132sNcEFglYsVsgthrnItl9VtLE7MuVvVWD9pvzcI+WBP5+p9HvnRwIiyhPkBDg==",
      "peerDependencies": {
        "react": "^16.0.0 || ^17.0.0 || ^18.0.0 || ^19.0.0"
      }
    }
  }
}
